
Microsoft Visual Studio Solution File, Format Version 12.00
# Visual Studio Version 17
VisualStudioVersion = 17.0.31903.59
MinimumVisualStudioVersion = 10.0.40219.1
Project("{FAE04EC0-301F-11D3-BF4B-00C04F79EFBC}") = "BlazorAssessment", "BlazorAssessment\BlazorAssessment.csproj", "{D78D8ED7-92E1-411C-B928-D4FE89D14608}"
EndProject
Global
	GlobalSection(SolutionConfigurationPlatforms) = preSolution
		Debug|Any CPU = Debug|Any CPU
		Release|Any CPU = Release|Any CPU
	EndGlobalSection
	GlobalSection(SolutionProperties) = preSolution
		HideSolutionNode = FALSE
	EndGlobalSection
	GlobalSection(ProjectConfigurationPlatforms) = postSolution
		{D78D8ED7-92E1-411C-B928-D4FE89D14608}.Debug|Any CPU.ActiveCfg = Debug|Any CPU
		{D78D8ED7-92E1-411C-B928-D4FE89D14608}.Debug|Any CPU.Build.0 = Debug|Any CPU
		{D78D8ED7-92E1-411C-B928-D4FE89D14608}.Release|Any CPU.ActiveCfg = Release|Any CPU
		{D78D8ED7-92E1-411C-B928-D4FE89D14608}.Release|Any CPU.Build.0 = Release|Any CPU
	EndGlobalSection
EndGlobal
